
Microsoft Visual Studio Solution File, Format Version 12.00
# Visual Studio 15
VisualStudioVersion = 15.0.27703.2047
MinimumVisualStudioVersion = 10.0.40219.1
Project("{FAE04EC0-301F-11D3-BF4B-00C04F79EFBC}") = "StudentSystem", "StudentSystem\StudentSystem.csproj", "{969C967C-8BF8-4C2E-8D9A-3D62C8317421}"
EndProject
Project("{FAE04EC0-301F-11D3-BF4B-00C04F79EFBC}") = "StudentSystemTests", "StudentSystemTests\StudentSystemTests.csproj", "{5E831212-F96E-4DDE-936D-4E09E4409917}"
EndProject
Global
	GlobalSection(SolutionConfigurationPlatforms) = preSolution
		Debug|Any CPU = Debug|Any CPU
		Release|Any CPU = Release|Any CPU
	EndGlobalSection
	GlobalSection(ProjectConfigurationPlatforms) = postSolution
		{969C967C-8BF8-4C2E-8D9A-3D62C8317421}.Debug|Any CPU.ActiveCfg = Debug|Any CPU
		{969C967C-8BF8-4C2E-8D9A-3D62C8317421}.Debug|Any CPU.Build.0 = Debug|Any CPU
		{969C967C-8BF8-4C2E-8D9A-3D62C8317421}.Release|Any CPU.ActiveCfg = Release|Any CPU
		{969C967C-8BF8-4C2E-8D9A-3D62C8317421}.Release|Any CPU.Build.0 = Release|Any CPU
		{5E831212-F96E-4DDE-936D-4E09E4409917}.Debug|Any CPU.ActiveCfg = Debug|Any CPU
		{5E831212-F96E-4DDE-936D-4E09E4409917}.Debug|Any CPU.Build.0 = Debug|Any CPU
		{5E831212-F96E-4DDE-936D-4E09E4409917}.Release|Any CPU.ActiveCfg = Release|Any CPU
		{5E831212-F96E-4DDE-936D-4E09E4409917}.Release|Any CPU.Build.0 = Release|Any CPU
	EndGlobalSection
	GlobalSection(SolutionProperties) = preSolution
		HideSolutionNode = FALSE
	EndGlobalSection
	GlobalSection(ExtensibilityGlobals) = postSolution
		SolutionGuid = {73C312F7-E3CA-4848-A190-0A16ECF25E50}
	EndGlobalSection
EndGlobal
