
Microsoft Visual Studio Solution File, Format Version 12.00
# Visual Studio Version 16
VisualStudioVersion = 16.0.30104.148
MinimumVisualStudioVersion = 10.0.40219.1
Project("{9A19103F-16F7-4668-BE54-9A1E7A4F7556}") = "DotNetCoreDemo", "DotNetCoreDemo\DotNetCoreDemo.csproj", "{9A11626E-8DB1-4F77-A38F-B63340AF7AB5}"
EndProject
Project("{9A19103F-16F7-4668-BE54-9A1E7A4F7556}") = "EntityFrameworkPractice", "EntityFrameworkPractice\EntityFrameworkPractice.csproj", "{157CD374-667E-4D19-8905-C68E7805FED5}"
EndProject
Global
	GlobalSection(SolutionConfigurationPlatforms) = preSolution
		Debug|Any CPU = Debug|Any CPU
		Release|Any CPU = Release|Any CPU
	EndGlobalSection
	GlobalSection(ProjectConfigurationPlatforms) = postSolution
		{9A11626E-8DB1-4F77-A38F-B63340AF7AB5}.Debug|Any CPU.ActiveCfg = Debug|Any CPU
		{9A11626E-8DB1-4F77-A38F-B63340AF7AB5}.Debug|Any CPU.Build.0 = Debug|Any CPU
		{9A11626E-8DB1-4F77-A38F-B63340AF7AB5}.Release|Any CPU.ActiveCfg = Release|Any CPU
		{9A11626E-8DB1-4F77-A38F-B63340AF7AB5}.Release|Any CPU.Build.0 = Release|Any CPU
		{157CD374-667E-4D19-8905-C68E7805FED5}.Debug|Any CPU.ActiveCfg = Debug|Any CPU
		{157CD374-667E-4D19-8905-C68E7805FED5}.Debug|Any CPU.Build.0 = Debug|Any CPU
		{157CD374-667E-4D19-8905-C68E7805FED5}.Release|Any CPU.ActiveCfg = Release|Any CPU
		{157CD374-667E-4D19-8905-C68E7805FED5}.Release|Any CPU.Build.0 = Release|Any CPU
	EndGlobalSection
	GlobalSection(SolutionProperties) = preSolution
		HideSolutionNode = FALSE
	EndGlobalSection
	GlobalSection(ExtensibilityGlobals) = postSolution
		SolutionGuid = {14E50A99-5BED-485B-93CC-6EE8E48D02A6}
	EndGlobalSection
EndGlobal
